{
  "originHash" : "2a79aa8c9729f5eda98dfd90a2fe3d1b086488b9da4f9f5c1a922d697f405ac8",
  "pins" : [
    {
      "identity" : "bodytracking",
      "kind" : "remoteSourceControl",
      "location" : "https://github.com/Reality-Dev/BodyTracking",
      "state" : {
        "revision" : "7897fbe9400504a3bf8749c5e17ed14e64e3ee01",
        "version" : "2.0.32"
      }
    },
    {
      "identity" : "realitykit-utilities",
      "kind" : "remoteSourceControl",
      "location" : "https://github.com/Reality-Dev/RealityKit-Utilities",
      "state" : {
        "revision" : "4b00905236ae593cdde3a68684b3c0cdbc76f0c6",
        "version" : "1.1.0"
      }
    },
    {
      "identity" : "realitymorpher",
      "kind" : "remoteSourceControl",
      "location" : "https://github.com/Reality-Dev/RealityMorpher",
      "state" : {
        "revision" : "da6e32a4aab91061d948c208797cf522963b8edd",
        "version" : "2.0.11"
      }
    }
  ],
  "version" : 3
}
