// !$*UTF8*$!
{
	archiveVersion = 1;
	classes = {
	};
	objectVersion = 54;
	objects = {

/* Begin PBXBuildFile section */
		0633C8BF1EF90F6600F6A311 /* AppDelegate.swift in Sources */ = {isa = PBXBuildFile; fileRef = 0633C8BE1EF90F6600F6A311 /* AppDelegate.swift */; };
		0633C8C11EF90F6600F6A311 /* ViewController.swift in Sources */ = {isa = PBXBuildFile; fileRef = 0633C8C01EF90F6600F6A311 /* ViewController.swift */; };
		0633C8C61EF90F6600F6A311 /* Assets.xcassets in Resources */ = {isa = PBXBuildFile; fileRef = 0633C8C51EF90F6600F6A311 /* Assets.xcassets */; };
		0633C8C91EF90F6600F6A311 /* LaunchScreen.storyboard in Resources */ = {isa = PBXBuildFile; fileRef = 0633C8C71EF90F6600F6A311 /* LaunchScreen.storyboard */; };
		0633C8D51EF9104400F6A311 /* Dimensions.swift in Sources */ = {isa = PBXBuildFile; fileRef = 0633C8D41EF9104400F6A311 /* Dimensions.swift */; };
		0633C8D71EF9107600F6A311 /* Figure.swift in Sources */ = {isa = PBXBuildFile; fileRef = 0633C8D61EF9107600F6A311 /* Figure.swift */; };
		0633C8D91EF9108C00F6A311 /* GameState.swift in Sources */ = {isa = PBXBuildFile; fileRef = 0633C8D81EF9108C00F6A311 /* GameState.swift */; };
		0633C8DB1EF910CB00F6A311 /* Extensions.swift in Sources */ = {isa = PBXBuildFile; fileRef = 0633C8DA1EF910CB00F6A311 /* Extensions.swift */; };
		0633C8DD1EF910D900F6A311 /* Board.swift in Sources */ = {isa = PBXBuildFile; fileRef = 0633C8DC1EF910D900F6A311 /* Board.swift */; };
		70065C021F05A98C00F3E801 /* GameAI.swift in Sources */ = {isa = PBXBuildFile; fileRef = 70065C011F05A98C00F3E801 /* GameAI.swift */; };
		BB3F22EA2BED1F5E002D2E0A /* BodyTracking in Frameworks */ = {isa = PBXBuildFile; productRef = BB3F22E92BED1F5E002D2E0A /* BodyTracking */; };
		BB3F22EC2BED1F5E002D2E0A /* FaceTracking in Frameworks */ = {isa = PBXBuildFile; productRef = BB3F22EB2BED1F5E002D2E0A /* FaceTracking */; };
		BB3F22EE2BED1F5E002D2E0A /* HandTracking in Frameworks */ = {isa = PBXBuildFile; productRef = BB3F22ED2BED1F5E002D2E0A /* HandTracking */; };
		BB3F22F02BED2013002D2E0A /* Interface.swift in Sources */ = {isa = PBXBuildFile; fileRef = BB3F22EF2BED2013002D2E0A /* Interface.swift */; };
		BB3F22F22BED299A002D2E0A /* HandGestureDetector.swift in Sources */ = {isa = PBXBuildFile; fileRef = BB3F22F12BED299A002D2E0A /* HandGestureDetector.swift */; };
		BB9455922BEBFFA20078F605 /* HandDetector.swift in Sources */ = {isa = PBXBuildFile; fileRef = BB9455912BEBFFA20078F605 /* HandDetector.swift */; };
		BB9455942BEC0B9C0078F605 /* CVPixelBuffer.swift in Sources */ = {isa = PBXBuildFile; fileRef = BB9455932BEC0B9C0078F605 /* CVPixelBuffer.swift */; };
		BB9455962BEC0C840078F605 /* TouchNode.swift in Sources */ = {isa = PBXBuildFile; fileRef = BB9455952BEC0C840078F605 /* TouchNode.swift */; };
		BB9455992BEC15CF0078F605 /* HandModel.mlmodel in Sources */ = {isa = PBXBuildFile; fileRef = BB9455972BEC15CE0078F605 /* HandModel.mlmodel */; };
		BB94559A2BEC15CF0078F605 /* HandGesture.mlmodel in Sources */ = {isa = PBXBuildFile; fileRef = BB9455982BEC15CF0078F605 /* HandGesture.mlmodel */; };
		BB94559E2BEC1CF80078F605 /* Main.storyboard in Resources */ = {isa = PBXBuildFile; fileRef = BB94559D2BEC1CF80078F605 /* Main.storyboard */; };
/* End PBXBuildFile section */

/* Begin PBXFileReference section */
		0633C8BB1EF90F6600F6A311 /* AR-TicTacToe.app */ = {isa = PBXFileReference; explicitFileType = wrapper.application; includeInIndex = 0; path = "AR-TicTacToe.app"; sourceTree = BUILT_PRODUCTS_DIR; };
		0633C8BE1EF90F6600F6A311 /* AppDelegate.swift */ = {isa = PBXFileReference; lastKnownFileType = sourcecode.swift; path = AppDelegate.swift; sourceTree = "<group>"; };
		0633C8C01EF90F6600F6A311 /* ViewController.swift */ = {isa = PBXFileReference; lastKnownFileType = sourcecode.swift; path = ViewController.swift; sourceTree = "<group>"; };
		0633C8C51EF90F6600F6A311 /* Assets.xcassets */ = {isa = PBXFileReference; lastKnownFileType = folder.assetcatalog; path = Assets.xcassets; sourceTree = "<group>"; };
		0633C8C81EF90F6600F6A311 /* Base */ = {isa = PBXFileReference; lastKnownFileType = file.storyboard; name = Base; path = Base.lproj/LaunchScreen.storyboard; sourceTree = "<group>"; };
		0633C8CA1EF90F6600F6A311 /* Info.plist */ = {isa = PBXFileReference; lastKnownFileType = text.plist.xml; path = Info.plist; sourceTree = "<group>"; };
		0633C8D41EF9104400F6A311 /* Dimensions.swift */ = {isa = PBXFileReference; lastKnownFileType = sourcecode.swift; path = Dimensions.swift; sourceTree = "<group>"; };
		0633C8D61EF9107600F6A311 /* Figure.swift */ = {isa = PBXFileReference; lastKnownFileType = sourcecode.swift; path = Figure.swift; sourceTree = "<group>"; };
		0633C8D81EF9108C00F6A311 /* GameState.swift */ = {isa = PBXFileReference; lastKnownFileType = sourcecode.swift; path = GameState.swift; sourceTree = "<group>"; };
		0633C8DA1EF910CB00F6A311 /* Extensions.swift */ = {isa = PBXFileReference; lastKnownFileType = sourcecode.swift; path = Extensions.swift; sourceTree = "<group>"; };
		0633C8DC1EF910D900F6A311 /* Board.swift */ = {isa = PBXFileReference; lastKnownFileType = sourcecode.swift; path = Board.swift; sourceTree = "<group>"; };
		70065C001F05A00100F3E801 /* README.md */ = {isa = PBXFileReference; lastKnownFileType = net.daringfireball.markdown; path = README.md; sourceTree = "<group>"; };
		70065C011F05A98C00F3E801 /* GameAI.swift */ = {isa = PBXFileReference; lastKnownFileType = sourcecode.swift; path = GameAI.swift; sourceTree = "<group>"; };
		708A9A921EFEF94700D010B9 /* media_sources.txt */ = {isa = PBXFileReference; lastKnownFileType = text; path = media_sources.txt; sourceTree = "<group>"; };
		BB3F22EF2BED2013002D2E0A /* Interface.swift */ = {isa = PBXFileReference; lastKnownFileType = sourcecode.swift; path = Interface.swift; sourceTree = "<group>"; };
		BB3F22F12BED299A002D2E0A /* HandGestureDetector.swift */ = {isa = PBXFileReference; lastKnownFileType = sourcecode.swift; path = HandGestureDetector.swift; sourceTree = "<group>"; };
		BB9455912BEBFFA20078F605 /* HandDetector.swift */ = {isa = PBXFileReference; lastKnownFileType = sourcecode.swift; path = HandDetector.swift; sourceTree = "<group>"; };
		BB9455932BEC0B9C0078F605 /* CVPixelBuffer.swift */ = {isa = PBXFileReference; lastKnownFileType = sourcecode.swift; path = CVPixelBuffer.swift; sourceTree = "<group>"; };
		BB9455952BEC0C840078F605 /* TouchNode.swift */ = {isa = PBXFileReference; lastKnownFileType = sourcecode.swift; path = TouchNode.swift; sourceTree = "<group>"; };
		BB9455972BEC15CE0078F605 /* HandModel.mlmodel */ = {isa = PBXFileReference; lastKnownFileType = file.mlmodel; path = HandModel.mlmodel; sourceTree = "<group>"; };
		BB9455982BEC15CF0078F605 /* HandGesture.mlmodel */ = {isa = PBXFileReference; lastKnownFileType = file.mlmodel; path = HandGesture.mlmodel; sourceTree = "<group>"; };
		BB94559D2BEC1CF80078F605 /* Main.storyboard */ = {isa = PBXFileReference; lastKnownFileType = file.storyboard; path = Main.storyboard; sourceTree = "<group>"; };
		BBCC033C2BD944730031CB5C /* code_architecture.md */ = {isa = PBXFileReference; lastKnownFileType = net.daringfireball.markdown; path = code_architecture.md; sourceTree = "<group>"; };
		BBCC033D2BD947FE0031CB5C /* hand_tracking_plan.md */ = {isa = PBXFileReference; lastKnownFileType = net.daringfireball.markdown; path = hand_tracking_plan.md; sourceTree = "<group>"; };
		BBCC033E2BD9647B0031CB5C /* hand_detection_tracking.md */ = {isa = PBXFileReference; lastKnownFileType = net.daringfireball.markdown; path = hand_detection_tracking.md; sourceTree = "<group>"; };
/* End PBXFileReference section */

/* Begin PBXFrameworksBuildPhase section */
		0633C8B81EF90F6600F6A311 /* Frameworks */ = {
			isa = PBXFrameworksBuildPhase;
			buildActionMask = 2147483647;
			files = (
				BB3F22EC2BED1F5E002D2E0A /* FaceTracking in Frameworks */,
				BB3F22EA2BED1F5E002D2E0A /* BodyTracking in Frameworks */,
				BB3F22EE2BED1F5E002D2E0A /* HandTracking in Frameworks */,
			);
			runOnlyForDeploymentPostprocessing = 0;
		};
/* End PBXFrameworksBuildPhase section */

/* Begin PBXGroup section */
		0633C8B21EF90F6600F6A311 = {
			isa = PBXGroup;
			children = (
				BBCC033E2BD9647B0031CB5C /* hand_detection_tracking.md */,
				BBCC033D2BD947FE0031CB5C /* hand_tracking_plan.md */,
				BBCC033C2BD944730031CB5C /* code_architecture.md */,
				70065C001F05A00100F3E801 /* README.md */,
				0633C8BD1EF90F6600F6A311 /* AR-TicTacToe */,
				0633C8BC1EF90F6600F6A311 /* Products */,
			);
			sourceTree = "<group>";
		};
		0633C8BC1EF90F6600F6A311 /* Products */ = {
			isa = PBXGroup;
			children = (
				0633C8BB1EF90F6600F6A311 /* AR-TicTacToe.app */,
			);
			name = Products;
			sourceTree = "<group>";
		};
		0633C8BD1EF90F6600F6A311 /* AR-TicTacToe */ = {
			isa = PBXGroup;
			children = (
				BB9455952BEC0C840078F605 /* TouchNode.swift */,
				BB9455932BEC0B9C0078F605 /* CVPixelBuffer.swift */,
				BB9455912BEBFFA20078F605 /* HandDetector.swift */,
				BB3F22F12BED299A002D2E0A /* HandGestureDetector.swift */,
				0633C8BE1EF90F6600F6A311 /* AppDelegate.swift */,
				0633C8C01EF90F6600F6A311 /* ViewController.swift */,
				0633C8C51EF90F6600F6A311 /* Assets.xcassets */,
				0633C8C71EF90F6600F6A311 /* LaunchScreen.storyboard */,
				0633C8CA1EF90F6600F6A311 /* Info.plist */,
				0633C8D41EF9104400F6A311 /* Dimensions.swift */,
				0633C8D61EF9107600F6A311 /* Figure.swift */,
				0633C8D81EF9108C00F6A311 /* GameState.swift */,
				70065C011F05A98C00F3E801 /* GameAI.swift */,
				0633C8DA1EF910CB00F6A311 /* Extensions.swift */,
				0633C8DC1EF910D900F6A311 /* Board.swift */,
				708A9A921EFEF94700D010B9 /* media_sources.txt */,
				BB9455982BEC15CF0078F605 /* HandGesture.mlmodel */,
				BB9455972BEC15CE0078F605 /* HandModel.mlmodel */,
				BB94559D2BEC1CF80078F605 /* Main.storyboard */,
				BB3F22EF2BED2013002D2E0A /* Interface.swift */,
			);
			path = "AR-TicTacToe";
			sourceTree = "<group>";
		};
/* End PBXGroup section */

/* Begin PBXNativeTarget section */
		0633C8BA1EF90F6600F6A311 /* AR-TicTacToe */ = {
			isa = PBXNativeTarget;
			buildConfigurationList = 0633C8CD1EF90F6600F6A311 /* Build configuration list for PBXNativeTarget "AR-TicTacToe" */;
			buildPhases = (
				0633C8B71EF90F6600F6A311 /* Sources */,
				0633C8B81EF90F6600F6A311 /* Frameworks */,
				0633C8B91EF90F6600F6A311 /* Resources */,
			);
			buildRules = (
			);
			dependencies = (
			);
			name = "AR-TicTacToe";
			packageProductDependencies = (
				BB3F22E92BED1F5E002D2E0A /* BodyTracking */,
				BB3F22EB2BED1F5E002D2E0A /* FaceTracking */,
				BB3F22ED2BED1F5E002D2E0A /* HandTracking */,
			);
			productName = "AR-TicTacToe";
			productReference = 0633C8BB1EF90F6600F6A311 /* AR-TicTacToe.app */;
			productType = "com.apple.product-type.application";
		};
/* End PBXNativeTarget section */

/* Begin PBXProject section */
		0633C8B31EF90F6600F6A311 /* Project object */ = {
			isa = PBXProject;
			attributes = {
				BuildIndependentTargetsInParallel = YES;
				LastSwiftUpdateCheck = 0900;
				LastUpgradeCheck = 1530;
				ORGANIZATIONNAME = "Bjarne Møller Lundgren";
				TargetAttributes = {
					0633C8BA1EF90F6600F6A311 = {
						CreatedOnToolsVersion = 9.0;
						LastSwiftMigration = 1530;
					};
				};
			};
			buildConfigurationList = 0633C8B61EF90F6600F6A311 /* Build configuration list for PBXProject "AR-TicTacToe" */;
			compatibilityVersion = "Xcode 8.0";
			developmentRegion = en;
			hasScannedForEncodings = 0;
			knownRegions = (
				en,
				Base,
			);
			mainGroup = 0633C8B21EF90F6600F6A311;
			packageReferences = (
				BB3F22E82BED1F5E002D2E0A /* XCRemoteSwiftPackageReference "BodyTracking" */,
			);
			productRefGroup = 0633C8BC1EF90F6600F6A311 /* Products */;
			projectDirPath = "";
			projectRoot = "";
			targets = (
				0633C8BA1EF90F6600F6A311 /* AR-TicTacToe */,
			);
		};
/* End PBXProject section */

/* Begin PBXResourcesBuildPhase section */
		0633C8B91EF90F6600F6A311 /* Resources */ = {
			isa = PBXResourcesBuildPhase;
			buildActionMask = 2147483647;
			files = (
				BB94559E2BEC1CF80078F605 /* Main.storyboard in Resources */,
				0633C8C91EF90F6600F6A311 /* LaunchScreen.storyboard in Resources */,
				0633C8C61EF90F6600F6A311 /* Assets.xcassets in Resources */,
			);
			runOnlyForDeploymentPostprocessing = 0;
		};
/* End PBXResourcesBuildPhase section */

/* Begin PBXSourcesBuildPhase section */
		0633C8B71EF90F6600F6A311 /* Sources */ = {
			isa = PBXSourcesBuildPhase;
			buildActionMask = 2147483647;
			files = (
				0633C8C11EF90F6600F6A311 /* ViewController.swift in Sources */,
				0633C8DB1EF910CB00F6A311 /* Extensions.swift in Sources */,
				BB94559A2BEC15CF0078F605 /* HandGesture.mlmodel in Sources */,
				BB3F22F02BED2013002D2E0A /* Interface.swift in Sources */,
				0633C8D71EF9107600F6A311 /* Figure.swift in Sources */,
				70065C021F05A98C00F3E801 /* GameAI.swift in Sources */,
				BB9455962BEC0C840078F605 /* TouchNode.swift in Sources */,
				0633C8D91EF9108C00F6A311 /* GameState.swift in Sources */,
				BB9455942BEC0B9C0078F605 /* CVPixelBuffer.swift in Sources */,
				0633C8DD1EF910D900F6A311 /* Board.swift in Sources */,
				0633C8BF1EF90F6600F6A311 /* AppDelegate.swift in Sources */,
				BB9455992BEC15CF0078F605 /* HandModel.mlmodel in Sources */,
				BB9455922BEBFFA20078F605 /* HandDetector.swift in Sources */,
				0633C8D51EF9104400F6A311 /* Dimensions.swift in Sources */,
				BB3F22F22BED299A002D2E0A /* HandGestureDetector.swift in Sources */,
			);
			runOnlyForDeploymentPostprocessing = 0;
		};
/* End PBXSourcesBuildPhase section */

/* Begin PBXVariantGroup section */
		0633C8C71EF90F6600F6A311 /* LaunchScreen.storyboard */ = {
			isa = PBXVariantGroup;
			children = (
				0633C8C81EF90F6600F6A311 /* Base */,
			);
			name = LaunchScreen.storyboard;
			sourceTree = "<group>";
		};
/* End PBXVariantGroup section */

/* Begin XCBuildConfiguration section */
		0633C8CB1EF90F6600F6A311 /* Debug */ = {
			isa = XCBuildConfiguration;
			buildSettings = {
				ALWAYS_SEARCH_USER_PATHS = NO;
				ASSETCATALOG_COMPILER_GENERATE_SWIFT_ASSET_SYMBOL_EXTENSIONS = YES;
				CLANG_ANALYZER_NONNULL = YES;
				CLANG_ANALYZER_NUMBER_OBJECT_CONVERSION = YES_AGGRESSIVE;
				CLANG_CXX_LANGUAGE_STANDARD = "gnu++14";
				CLANG_CXX_LIBRARY = "libc++";
				CLANG_ENABLE_MODULES = YES;
				CLANG_ENABLE_OBJC_ARC = YES;
				CLANG_WARN_BLOCK_CAPTURE_AUTORELEASING = YES;
				CLANG_WARN_BOOL_CONVERSION = YES;
				CLANG_WARN_COMMA = YES;
				CLANG_WARN_CONSTANT_CONVERSION = YES;
				CLANG_WARN_DEPRECATED_OBJC_IMPLEMENTATIONS = YES;
				CLANG_WARN_DIRECT_OBJC_ISA_USAGE = YES_ERROR;
				CLANG_WARN_DOCUMENTATION_COMMENTS = YES;
				CLANG_WARN_EMPTY_BODY = YES;
				CLANG_WARN_ENUM_CONVERSION = YES;
				CLANG_WARN_INFINITE_RECURSION = YES;
				CLANG_WARN_INT_CONVERSION = YES;
				CLANG_WARN_NON_LITERAL_NULL_CONVERSION = YES;
				CLANG_WARN_OBJC_IMPLICIT_RETAIN_SELF = YES;
				CLANG_WARN_OBJC_LITERAL_CONVERSION = YES;
				CLANG_WARN_OBJC_ROOT_CLASS = YES_ERROR;
				CLANG_WARN_QUOTED_INCLUDE_IN_FRAMEWORK_HEADER = YES;
				CLANG_WARN_RANGE_LOOP_ANALYSIS = YES;
				CLANG_WARN_STRICT_PROTOTYPES = YES;
				CLANG_WARN_SUSPICIOUS_MOVE = YES;
				CLANG_WARN_UNGUARDED_AVAILABILITY = YES_AGGRESSIVE;
				CLANG_WARN_UNREACHABLE_CODE = YES;
				CLANG_WARN__DUPLICATE_METHOD_MATCH = YES;
				CODE_SIGN_IDENTITY = "iPhone Developer";
				COPY_PHASE_STRIP = NO;
				DEBUG_INFORMATION_FORMAT = dwarf;
				ENABLE_STRICT_OBJC_MSGSEND = YES;
				ENABLE_TESTABILITY = YES;
				ENABLE_USER_SCRIPT_SANDBOXING = YES;
				GCC_C_LANGUAGE_STANDARD = gnu11;
				GCC_DYNAMIC_NO_PIC = NO;
				GCC_NO_COMMON_BLOCKS = YES;
				GCC_OPTIMIZATION_LEVEL = 0;
				GCC_PREPROCESSOR_DEFINITIONS = (
					"DEBUG=1",
					"$(inherited)",
				);
				GCC_WARN_64_TO_32_BIT_CONVERSION = YES;
				GCC_WARN_ABOUT_RETURN_TYPE = YES_ERROR;
				GCC_WARN_UNDECLARED_SELECTOR = YES;
				GCC_WARN_UNINITIALIZED_AUTOS = YES_AGGRESSIVE;
				GCC_WARN_UNUSED_FUNCTION = YES;
				GCC_WARN_UNUSED_VARIABLE = YES;
				IPHONEOS_DEPLOYMENT_TARGET = 14.0;
				MTL_ENABLE_DEBUG_INFO = YES;
				ONLY_ACTIVE_ARCH = YES;
				SDKROOT = iphoneos;
				SWIFT_ACTIVE_COMPILATION_CONDITIONS = DEBUG;
				SWIFT_OPTIMIZATION_LEVEL = "-Onone";
			};
			name = Debug;
		};
		0633C8CC1EF90F6600F6A311 /* Release */ = {
			isa = XCBuildConfiguration;
			buildSettings = {
				ALWAYS_SEARCH_USER_PATHS = NO;
				ASSETCATALOG_COMPILER_GENERATE_SWIFT_ASSET_SYMBOL_EXTENSIONS = YES;
				CLANG_ANALYZER_NONNULL = YES;
				CLANG_ANALYZER_NUMBER_OBJECT_CONVERSION = YES_AGGRESSIVE;
				CLANG_CXX_LANGUAGE_STANDARD = "gnu++14";
				CLANG_CXX_LIBRARY = "libc++";
				CLANG_ENABLE_MODULES = YES;
				CLANG_ENABLE_OBJC_ARC = YES;
				CLANG_WARN_BLOCK_CAPTURE_AUTORELEASING = YES;
				CLANG_WARN_BOOL_CONVERSION = YES;
				CLANG_WARN_COMMA = YES;
				CLANG_WARN_CONSTANT_CONVERSION = YES;
				CLANG_WARN_DEPRECATED_OBJC_IMPLEMENTATIONS = YES;
				CLANG_WARN_DIRECT_OBJC_ISA_USAGE = YES_ERROR;
				CLANG_WARN_DOCUMENTATION_COMMENTS = YES;
				CLANG_WARN_EMPTY_BODY = YES;
				CLANG_WARN_ENUM_CONVERSION = YES;
				CLANG_WARN_INFINITE_RECURSION = YES;
				CLANG_WARN_INT_CONVERSION = YES;
				CLANG_WARN_NON_LITERAL_NULL_CONVERSION = YES;
				CLANG_WARN_OBJC_IMPLICIT_RETAIN_SELF = YES;
				CLANG_WARN_OBJC_LITERAL_CONVERSION = YES;
				CLANG_WARN_OBJC_ROOT_CLASS = YES_ERROR;
				CLANG_WARN_QUOTED_INCLUDE_IN_FRAMEWORK_HEADER = YES;
				CLANG_WARN_RANGE_LOOP_ANALYSIS = YES;
				CLANG_WARN_STRICT_PROTOTYPES = YES;
				CLANG_WARN_SUSPICIOUS_MOVE = YES;
				CLANG_WARN_UNGUARDED_AVAILABILITY = YES_AGGRESSIVE;
				CLANG_WARN_UNREACHABLE_CODE = YES;
				CLANG_WARN__DUPLICATE_METHOD_MATCH = YES;
				CODE_SIGN_IDENTITY = "iPhone Developer";
				COPY_PHASE_STRIP = NO;
				DEBUG_INFORMATION_FORMAT = "dwarf-with-dsym";
				ENABLE_NS_ASSERTIONS = NO;
				ENABLE_STRICT_OBJC_MSGSEND = YES;
				ENABLE_USER_SCRIPT_SANDBOXING = YES;
				GCC_C_LANGUAGE_STANDARD = gnu11;
				GCC_NO_COMMON_BLOCKS = YES;
				GCC_WARN_64_TO_32_BIT_CONVERSION = YES;
				GCC_WARN_ABOUT_RETURN_TYPE = YES_ERROR;
				GCC_WARN_UNDECLARED_SELECTOR = YES;
				GCC_WARN_UNINITIALIZED_AUTOS = YES_AGGRESSIVE;
				GCC_WARN_UNUSED_FUNCTION = YES;
				GCC_WARN_UNUSED_VARIABLE = YES;
				IPHONEOS_DEPLOYMENT_TARGET = 14.0;
				MTL_ENABLE_DEBUG_INFO = NO;
				SDKROOT = iphoneos;
				SWIFT_COMPILATION_MODE = wholemodule;
				SWIFT_OPTIMIZATION_LEVEL = "-O";
				VALIDATE_PRODUCT = YES;
			};
			name = Release;
		};
		0633C8CE1EF90F6600F6A311 /* Debug */ = {
			isa = XCBuildConfiguration;
			buildSettings = {
				ASSETCATALOG_COMPILER_APPICON_NAME = AppIcon;
				DEVELOPMENT_TEAM = M7WKYGL7MJ;
				INFOPLIST_FILE = "AR-TicTacToe/Info.plist";
				INFOPLIST_KEY_CFBundleDisplayName = "TicTacoToe Beta";
				INFOPLIST_KEY_LSApplicationCategoryType = "public.app-category.puzzle-games";
				IPHONEOS_DEPLOYMENT_TARGET = 15.0;
				LD_RUNPATH_SEARCH_PATHS = (
					"$(inherited)",
					"@executable_path/Frameworks",
				);
				PRODUCT_BUNDLE_IDENTIFIER = jeffee;
				PRODUCT_NAME = "$(TARGET_NAME)";
				SUPPORTED_PLATFORMS = "iphoneos iphonesimulator";
				SUPPORTS_MACCATALYST = NO;
				SWIFT_VERSION = 5.0;
				TARGETED_DEVICE_FAMILY = "1,2";
			};
			name = Debug;
		};
		0633C8CF1EF90F6600F6A311 /* Release */ = {
			isa = XCBuildConfiguration;
			buildSettings = {
				ASSETCATALOG_COMPILER_APPICON_NAME = AppIcon;
				DEVELOPMENT_TEAM = M7WKYGL7MJ;
				INFOPLIST_FILE = "AR-TicTacToe/Info.plist";
				INFOPLIST_KEY_CFBundleDisplayName = TicTacoToe;
				INFOPLIST_KEY_LSApplicationCategoryType = "public.app-category.puzzle-games";
				IPHONEOS_DEPLOYMENT_TARGET = 15.0;
				LD_RUNPATH_SEARCH_PATHS = (
					"$(inherited)",
					"@executable_path/Frameworks",
				);
				PRODUCT_BUNDLE_IDENTIFIER = jeffee;
				PRODUCT_NAME = "$(TARGET_NAME)";
				SUPPORTED_PLATFORMS = "iphoneos iphonesimulator";
				SUPPORTS_MACCATALYST = NO;
				SWIFT_VERSION = 5.0;
				TARGETED_DEVICE_FAMILY = "1,2";
			};
			name = Release;
		};
/* End XCBuildConfiguration section */

/* Begin XCConfigurationList section */
		0633C8B61EF90F6600F6A311 /* Build configuration list for PBXProject "AR-TicTacToe" */ = {
			isa = XCConfigurationList;
			buildConfigurations = (
				0633C8CB1EF90F6600F6A311 /* Debug */,
				0633C8CC1EF90F6600F6A311 /* Release */,
			);
			defaultConfigurationIsVisible = 0;
			defaultConfigurationName = Release;
		};
		0633C8CD1EF90F6600F6A311 /* Build configuration list for PBXNativeTarget "AR-TicTacToe" */ = {
			isa = XCConfigurationList;
			buildConfigurations = (
				0633C8CE1EF90F6600F6A311 /* Debug */,
				0633C8CF1EF90F6600F6A311 /* Release */,
			);
			defaultConfigurationIsVisible = 0;
			defaultConfigurationName = Release;
		};
/* End XCConfigurationList section */

/* Begin XCRemoteSwiftPackageReference section */
		BB3F22E82BED1F5E002D2E0A /* XCRemoteSwiftPackageReference "BodyTracking" */ = {
			isa = XCRemoteSwiftPackageReference;
			repositoryURL = "https://github.com/Reality-Dev/BodyTracking";
			requirement = {
				kind = upToNextMajorVersion;
				minimumVersion = 2.0.32;
			};
		};
/* End XCRemoteSwiftPackageReference section */

/* Begin XCSwiftPackageProductDependency section */
		BB3F22E92BED1F5E002D2E0A /* BodyTracking */ = {
			isa = XCSwiftPackageProductDependency;
			package = BB3F22E82BED1F5E002D2E0A /* XCRemoteSwiftPackageReference "BodyTracking" */;
			productName = BodyTracking;
		};
		BB3F22EB2BED1F5E002D2E0A /* FaceTracking */ = {
			isa = XCSwiftPackageProductDependency;
			package = BB3F22E82BED1F5E002D2E0A /* XCRemoteSwiftPackageReference "BodyTracking" */;
			productName = FaceTracking;
		};
		BB3F22ED2BED1F5E002D2E0A /* HandTracking */ = {
			isa = XCSwiftPackageProductDependency;
			package = BB3F22E82BED1F5E002D2E0A /* XCRemoteSwiftPackageReference "BodyTracking" */;
			productName = HandTracking;
		};
/* End XCSwiftPackageProductDependency section */
	};
	rootObject = 0633C8B31EF90F6600F6A311 /* Project object */;
}
